
Microsoft Visual Studio Solution File, Format Version 12.00
# Visual Studio 15
VisualStudioVersion = 15.0.28307.102
MinimumVisualStudioVersion = 10.0.40219.1
Project("{FAE04EC0-301F-11D3-BF4B-00C04F79EFBC}") = "TempSense", "TempSense\TempSense.csproj", "{D606788E-7DA6-46AA-877E-67F1F6E60592}"
EndProject
Global
	GlobalSection(SolutionConfigurationPlatforms) = preSolution
		Debug|ARM = Debug|ARM
		Debug|ARM64 = Debug|ARM64
		Debug|x64 = Debug|x64
		Debug|x86 = Debug|x86
		Release|ARM = Release|ARM
		Release|ARM64 = Release|ARM64
		Release|x64 = Release|x64
		Release|x86 = Release|x86
	EndGlobalSection
	GlobalSection(ProjectConfigurationPlatforms) = postSolution
		{D606788E-7DA6-46AA-877E-67F1F6E60592}.Debug|ARM.ActiveCfg = Debug|ARM
		{D606788E-7DA6-46AA-877E-67F1F6E60592}.Debug|ARM.Build.0 = Debug|ARM
		{D606788E-7DA6-46AA-877E-67F1F6E60592}.Debug|ARM.Deploy.0 = Debug|ARM
		{D606788E-7DA6-46AA-877E-67F1F6E60592}.Debug|ARM64.ActiveCfg = Debug|ARM64
		{D606788E-7DA6-46AA-877E-67F1F6E60592}.Debug|ARM64.Build.0 = Debug|ARM64
		{D606788E-7DA6-46AA-877E-67F1F6E60592}.Debug|ARM64.Deploy.0 = Debug|ARM64
		{D606788E-7DA6-46AA-877E-67F1F6E60592}.Debug|x64.ActiveCfg = Debug|x64
		{D606788E-7DA6-46AA-877E-67F1F6E60592}.Debug|x64.Build.0 = Debug|x64
		{D606788E-7DA6-46AA-877E-67F1F6E60592}.Debug|x64.Deploy.0 = Debug|x64
		{D606788E-7DA6-46AA-877E-67F1F6E60592}.Debug|x86.ActiveCfg = Debug|x86
		{D606788E-7DA6-46AA-877E-67F1F6E60592}.Debug|x86.Build.0 = Debug|x86
		{D606788E-7DA6-46AA-877E-67F1F6E60592}.Debug|x86.Deploy.0 = Debug|x86
		{D606788E-7DA6-46AA-877E-67F1F6E60592}.Release|ARM.ActiveCfg = Release|ARM
		{D606788E-7DA6-46AA-877E-67F1F6E60592}.Release|ARM.Build.0 = Release|ARM
		{D606788E-7DA6-46AA-877E-67F1F6E60592}.Release|ARM.Deploy.0 = Release|ARM
		{D606788E-7DA6-46AA-877E-67F1F6E60592}.Release|ARM64.ActiveCfg = Release|ARM64
		{D606788E-7DA6-46AA-877E-67F1F6E60592}.Release|ARM64.Build.0 = Release|ARM64
		{D606788E-7DA6-46AA-877E-67F1F6E60592}.Release|ARM64.Deploy.0 = Release|ARM64
		{D606788E-7DA6-46AA-877E-67F1F6E60592}.Release|x64.ActiveCfg = Release|x64
		{D606788E-7DA6-46AA-877E-67F1F6E60592}.Release|x64.Build.0 = Release|x64
		{D606788E-7DA6-46AA-877E-67F1F6E60592}.Release|x64.Deploy.0 = Release|x64
		{D606788E-7DA6-46AA-877E-67F1F6E60592}.Release|x86.ActiveCfg = Release|x86
		{D606788E-7DA6-46AA-877E-67F1F6E60592}.Release|x86.Build.0 = Release|x86
		{D606788E-7DA6-46AA-877E-67F1F6E60592}.Release|x86.Deploy.0 = Release|x86
	EndGlobalSection
	GlobalSection(SolutionProperties) = preSolution
		HideSolutionNode = FALSE
	EndGlobalSection
	GlobalSection(ExtensibilityGlobals) = postSolution
		SolutionGuid = {E8BE8D1D-8A09-4C68-A586-653419676439}
	EndGlobalSection
EndGlobal
